Microsoft Visual Studio Solution File, Format Version 11.00
# Visual Studio 2008

Project("{19A17E12-8935-1669-EDD1-B0FD046BB038}") = "PhotonServerUnityClient", "Assembly-CSharp.csproj", "{B2FF0E53-E320-0EE6-8369-F8941747E934}"
EndProject
Global
	GlobalSection(SolutionConfigurationPlatforms) = preSolution
		Debug|Any CPU = Debug|Any CPU
		Release|Any CPU = Release|Any CPU
	EndGlobalSection
	GlobalSection(ProjectConfigurationPlatforms) = postSolution
		{B2FF0E53-E320-0EE6-8369-F8941747E934}.Debug|Any CPU.ActiveCfg = Debug|Any CPU
		{B2FF0E53-E320-0EE6-8369-F8941747E934}.Debug|Any CPU.Build.0 = Debug|Any CPU
		{B2FF0E53-E320-0EE6-8369-F8941747E934}.Release|Any CPU.ActiveCfg = Release|Any CPU
		{B2FF0E53-E320-0EE6-8369-F8941747E934}.Release|Any CPU.Build.0 = Release|Any CPU
	EndGlobalSection
	GlobalSection(SolutionProperties) = preSolution
		HideSolutionNode = FALSE
	EndGlobalSection
	GlobalSection(MonoDevelopProperties) = preSolution
		StartupItem = Assembly-CSharp.csproj
	EndGlobalSection
EndGlobal
